
Microsoft Visual Studio Solution File, Format Version 12.00
# Visual Studio 15
VisualStudioVersion = 15.0.27703.2035
MinimumVisualStudioVersion = 10.0.40219.1
Project("{FAE04EC0-301F-11D3-BF4B-00C04F79EFBC}") = "ControlTower", "ControlTower\ControlTower.csproj", "{C2C910AB-0527-4F99-B095-CF6BB4C10F66}"
EndProject
Global
	GlobalSection(SolutionConfigurationPlatforms) = preSolution
		Debug|Any CPU = Debug|Any CPU
		Release|Any CPU = Release|Any CPU
	EndGlobalSection
	GlobalSection(ProjectConfigurationPlatforms) = postSolution
		{C2C910AB-0527-4F99-B095-CF6BB4C10F66}.Debug|Any CPU.ActiveCfg = Debug|Any CPU
		{C2C910AB-0527-4F99-B095-CF6BB4C10F66}.Debug|Any CPU.Build.0 = Debug|Any CPU
		{C2C910AB-0527-4F99-B095-CF6BB4C10F66}.Release|Any CPU.ActiveCfg = Release|Any CPU
		{C2C910AB-0527-4F99-B095-CF6BB4C10F66}.Release|Any CPU.Build.0 = Release|Any CPU
	EndGlobalSection
	GlobalSection(SolutionProperties) = preSolution
		HideSolutionNode = FALSE
	EndGlobalSection
	GlobalSection(ExtensibilityGlobals) = postSolution
		SolutionGuid = {A989657C-A320-463D-AA1E-27CEC1BDD9EF}
	EndGlobalSection
EndGlobal
